
Microsoft Visual Studio Solution File, Format Version 12.00
# Visual Studio Version 17
VisualStudioVersion = 17.0.32014.148
MinimumVisualStudioVersion = 10.0.40219.1
Project("{FAE04EC0-301F-11D3-BF4B-00C04F79EFBC}") = "WpfApp1", "WpfApp1\WpfApp1.csproj", "{694FFD88-10FF-46CA-8EFA-A7DDACFB9209}"
EndProject
Global
	GlobalSection(SolutionConfigurationPlatforms) = preSolution
		Debug|Any CPU = Debug|Any CPU
		Release|Any CPU = Release|Any CPU
	EndGlobalSection
	GlobalSection(ProjectConfigurationPlatforms) = postSolution
		{694FFD88-10FF-46CA-8EFA-A7DDACFB9209}.Debug|Any CPU.ActiveCfg = Debug|Any CPU
		{694FFD88-10FF-46CA-8EFA-A7DDACFB9209}.Debug|Any CPU.Build.0 = Debug|Any CPU
		{694FFD88-10FF-46CA-8EFA-A7DDACFB9209}.Release|Any CPU.ActiveCfg = Release|Any CPU
		{694FFD88-10FF-46CA-8EFA-A7DDACFB9209}.Release|Any CPU.Build.0 = Release|Any CPU
	EndGlobalSection
	GlobalSection(SolutionProperties) = preSolution
		HideSolutionNode = FALSE
	EndGlobalSection
	GlobalSection(ExtensibilityGlobals) = postSolution
		SolutionGuid = {1959FB76-61D6-4976-A664-1554BA3B419C}
	EndGlobalSection
EndGlobal
